
Microsoft Visual Studio Solution File, Format Version 12.00
# Visual Studio Version 16
VisualStudioVersion = 16.0.28902.138
MinimumVisualStudioVersion = 10.0.40219.1
Project("{FAE04EC0-301F-11D3-BF4B-00C04F79EFBC}") = "PracticaContabilidad", "PracticaContabilidad.csproj", "{45C0D8CA-8918-466C-B797-DFC479C544C2}"
EndProject
Global
	GlobalSection(SolutionConfigurationPlatforms) = preSolution
		Debug|Any CPU = Debug|Any CPU
		Release|Any CPU = Release|Any CPU
	EndGlobalSection
	GlobalSection(ProjectConfigurationPlatforms) = postSolution
		{45C0D8CA-8918-466C-B797-DFC479C544C2}.Debug|Any CPU.ActiveCfg = Debug|Any CPU
		{45C0D8CA-8918-466C-B797-DFC479C544C2}.Debug|Any CPU.Build.0 = Debug|Any CPU
		{45C0D8CA-8918-466C-B797-DFC479C544C2}.Release|Any CPU.ActiveCfg = Release|Any CPU
		{45C0D8CA-8918-466C-B797-DFC479C544C2}.Release|Any CPU.Build.0 = Release|Any CPU
	EndGlobalSection
	GlobalSection(SolutionProperties) = preSolution
		HideSolutionNode = FALSE
	EndGlobalSection
	GlobalSection(ExtensibilityGlobals) = postSolution
		SolutionGuid = {2E4EF47A-E35F-454A-B65D-52CB978E0DF8}
	EndGlobalSection
EndGlobal
