
Microsoft Visual Studio Solution File, Format Version 12.00
# Visual Studio Version 16
VisualStudioVersion = 16.0.28902.138
MinimumVisualStudioVersion = 10.0.40219.1
Project("{9A19103F-16F7-4668-BE54-9A1E7A4F7556}") = "PracticaContabilidad", "PracticaContabilidad.csproj", "{45C0D8CA-8918-466C-B797-DFC479C544C2}"
EndProject
Project("{FAE04EC0-301F-11D3-BF4B-00C04F79EFBC}") = "PracticaContabilidadTests", "..\PracticaContabilidadTests\PracticaContabilidadTests.csproj", "{49223A79-9C37-458D-8DF6-34B419CA25F9}"
EndProject
Global
	GlobalSection(SolutionConfigurationPlatforms) = preSolution
		Debug|Any CPU = Debug|Any CPU
		Release|Any CPU = Release|Any CPU
	EndGlobalSection
	GlobalSection(ProjectConfigurationPlatforms) = postSolution
		{45C0D8CA-8918-466C-B797-DFC479C544C2}.Debug|Any CPU.ActiveCfg = Debug|Any CPU
		{45C0D8CA-8918-466C-B797-DFC479C544C2}.Debug|Any CPU.Build.0 = Debug|Any CPU
		{45C0D8CA-8918-466C-B797-DFC479C544C2}.Release|Any CPU.ActiveCfg = Release|Any CPU
		{45C0D8CA-8918-466C-B797-DFC479C544C2}.Release|Any CPU.Build.0 = Release|Any CPU
		{49223A79-9C37-458D-8DF6-34B419CA25F9}.Debug|Any CPU.ActiveCfg = Debug|Any CPU
		{49223A79-9C37-458D-8DF6-34B419CA25F9}.Debug|Any CPU.Build.0 = Debug|Any CPU
		{49223A79-9C37-458D-8DF6-34B419CA25F9}.Release|Any CPU.ActiveCfg = Release|Any CPU
		{49223A79-9C37-458D-8DF6-34B419CA25F9}.Release|Any CPU.Build.0 = Release|Any CPU
	EndGlobalSection
	GlobalSection(SolutionProperties) = preSolution
		HideSolutionNode = FALSE
	EndGlobalSection
	GlobalSection(ExtensibilityGlobals) = postSolution
		SolutionGuid = {2E4EF47A-E35F-454A-B65D-52CB978E0DF8}
	EndGlobalSection
EndGlobal
